{
  "version": 4,
  "terraform_version": "1.5.5",
  "serial": 1,
  "lineage": "1d872e14-6186-304b-5f0f-8c6cb3937409",
  "outputs": {},
  "resources": [
    {
      "mode": "managed",
      "type": "local_file",
      "name": "pet",
      "provider": "provider[\"registry.terraform.io/hashicorp/local\"]",
      "instances": [
        {
          "schema_version": 0,
          "attributes": {
            "content": "I have pet cats!",
            "content_base64": null,
            "content_base64sha256": "VuBpMrv83TkRebQFCxgA6n0H38vyWqbddq9ghcd4a6w=",
            "content_base64sha512": "6eVALhmJEwlA1zeLNv1xgeXjCtzgmRJJr+4JB28ddUVWMCFYMXh/qpAfXPkxUpPTofkuydTxlQze7EdbDgSBbg==",
            "content_md5": "0f54d86d3e9e15a442999f33e2a90ded",
            "content_sha1": "3aee2fdfdeadebd0b13e119f89593914f74c6394",
            "content_sha256": "56e06932bbfcdd391179b4050b1800ea7d07dfcbf25aa6dd76af6085c7786bac",
            "content_sha512": "e9e5402e1989130940d7378b36fd7181e5e30adce0991249afee09076f1d75455630215831787faa901f5cf9315293d3a1f92ec9d4f1950cdeec475b0e04816e",
            "directory_permission": "0777",
            "file_permission": "0777",
            "filename": "pets.txt",
            "id": "3aee2fdfdeadebd0b13e119f89593914f74c6394",
            "sensitive_content": null,
            "source": null
          },
          "sensitive_attributes": []
        }
      ]
    }
  ],
  "check_results": null
}
